
Microsoft Visual Studio Solution File, Format Version 12.00
# Visual Studio Version 17
VisualStudioVersion = 17.6.33829.357
MinimumVisualStudioVersion = 10.0.40219.1
Project("{FAE04EC0-301F-11D3-BF4B-00C04F79EFBC}") = "PaintBallGame", "PaintBallGame.csproj", "{EAE477C1-66C9-41C0-A138-4A95E8ECF8CE}"
EndProject
Global
	GlobalSection(SolutionConfigurationPlatforms) = preSolution
		Debug|Any CPU = Debug|Any CPU
		Release|Any CPU = Release|Any CPU
	EndGlobalSection
	GlobalSection(ProjectConfigurationPlatforms) = postSolution
		{EAE477C1-66C9-41C0-A138-4A95E8ECF8CE}.Debug|Any CPU.ActiveCfg = Debug|Any CPU
		{EAE477C1-66C9-41C0-A138-4A95E8ECF8CE}.Debug|Any CPU.Build.0 = Debug|Any CPU
		{EAE477C1-66C9-41C0-A138-4A95E8ECF8CE}.Release|Any CPU.ActiveCfg = Release|Any CPU
		{EAE477C1-66C9-41C0-A138-4A95E8ECF8CE}.Release|Any CPU.Build.0 = Release|Any CPU
	EndGlobalSection
	GlobalSection(SolutionProperties) = preSolution
		HideSolutionNode = FALSE
	EndGlobalSection
	GlobalSection(ExtensibilityGlobals) = postSolution
		SolutionGuid = {82E10B50-9DD0-40ED-9966-9A62C41161C8}
	EndGlobalSection
EndGlobal
